// !$*UTF8*$!
{
	archiveVersion = 1;
	classes = {
	};
	objectVersion = 56;
	objects = {

/* Begin PBXBuildFile section */
		C11F55492AFD37B000CEFA55 /* AssistantGenerator.swift in Sources */ = {isa = PBXBuildFile; fileRef = C11F55482AFD37B000CEFA55 /* AssistantGenerator.swift */; };
		C11F554D2AFE8DA200CEFA55 /* Logger.swift in Sources */ = {isa = PBXBuildFile; fileRef = C11F554C2AFE8DA200CEFA55 /* Logger.swift */; };
		C11F55522AFEA58A00CEFA55 /* MessageResponse.swift in Sources */ = {isa = PBXBuildFile; fileRef = C11F55512AFEA58A00CEFA55 /* MessageResponse.swift */; };
		C11F55542AFF0D1000CEFA55 /* chatGPTService.swift in Sources */ = {isa = PBXBuildFile; fileRef = C11F55532AFF0D1000CEFA55 /* chatGPTService.swift */; };
		C11F55562AFF173800CEFA55 /* Secrets.plist in Resources */ = {isa = PBXBuildFile; fileRef = C11F55552AFF173800CEFA55 /* Secrets.plist */; };
		C11F55582B00719E00CEFA55 /* AudioPlayerDelegate.swift in Sources */ = {isa = PBXBuildFile; fileRef = C11F55572B00719E00CEFA55 /* AudioPlayerDelegate.swift */; };
		C12AE5192B12CF42005EED48 /* ExcerciseGenerator.swift in Sources */ = {isa = PBXBuildFile; fileRef = C12AE5182B12CF42005EED48 /* ExcerciseGenerator.swift */; };
		C12AE51C2B15870E005EED48 /* MagicalAcademyAPITests.swift in Sources */ = {isa = PBXBuildFile; fileRef = C12AE51A2B15870E005EED48 /* MagicalAcademyAPITests.swift */; };
		C12AE51F2B159560005EED48 /* generateExerciseContent.swift in Sources */ = {isa = PBXBuildFile; fileRef = C12AE51E2B159560005EED48 /* generateExerciseContent.swift */; };
		C13C6C132AF87899003C9DF4 /* KeychainManager.swift in Sources */ = {isa = PBXBuildFile; fileRef = C13C6C122AF87899003C9DF4 /* KeychainManager.swift */; };
		C19B58AC2AFB1FC400FFF0FA /* ScrollableGridView.swift in Sources */ = {isa = PBXBuildFile; fileRef = C19B58972AFB1FC400FFF0FA /* ScrollableGridView.swift */; };
		C19B58AF2AFB1FC400FFF0FA /* TextOverlayView.swift in Sources */ = {isa = PBXBuildFile; fileRef = C19B589A2AFB1FC400FFF0FA /* TextOverlayView.swift */; };
		C19B58B32AFB1FC400FFF0FA /* ScenarioSelectionView.swift in Sources */ = {isa = PBXBuildFile; fileRef = C19B58A12AFB1FC400FFF0FA /* ScenarioSelectionView.swift */; };
		C19B58B42AFB1FC400FFF0FA /* CharacterSelectionView.swift in Sources */ = {isa = PBXBuildFile; fileRef = C19B58A22AFB1FC400FFF0FA /* CharacterSelectionView.swift */; };
		C19B58B62AFB1FC400FFF0FA /* MainView.swift in Sources */ = {isa = PBXBuildFile; fileRef = C19B58A42AFB1FC400FFF0FA /* MainView.swift */; };
		C19B58B82AFB1FC400FFF0FA /* GenerateImageView.swift in Sources */ = {isa = PBXBuildFile; fileRef = C19B58A62AFB1FC400FFF0FA /* GenerateImageView.swift */; };
		C19B58BD2AFBD1F000FFF0FA /* StoryGenerationView.swift in Sources */ = {isa = PBXBuildFile; fileRef = C19B58BC2AFBD1F000FFF0FA /* StoryGenerationView.swift */; };
		C1ADCB062AF3E9B8006C79A8 /* MAGICAL_AcademyApp.swift in Sources */ = {isa = PBXBuildFile; fileRef = C1ADCB052AF3E9B8006C79A8 /* MAGICAL_AcademyApp.swift */; };
		C1ADCB082AF3E9B8006C79A8 /* Persistence.swift in Sources */ = {isa = PBXBuildFile; fileRef = C1ADCB072AF3E9B8006C79A8 /* Persistence.swift */; };
		C1ADCB0B2AF3E9B8006C79A8 /* MAGICAL Academy.xcdatamodeld in Sources */ = {isa = PBXBuildFile; fileRef = C1ADCB092AF3E9B8006C79A8 /* MAGICAL Academy.xcdatamodeld */; };
		C1ADCB0F2AF3E9BA006C79A8 /* Assets.xcassets in Resources */ = {isa = PBXBuildFile; fileRef = C1ADCB0E2AF3E9BA006C79A8 /* Assets.xcassets */; };
		C1ADCB132AF3E9BA006C79A8 /* Preview Assets.xcassets in Resources */ = {isa = PBXBuildFile; fileRef = C1ADCB122AF3E9BA006C79A8 /* Preview Assets.xcassets */; };
		C1ADCB282AF3E9BA006C79A8 /* MAGICAL_AcademyUITests.swift in Sources */ = {isa = PBXBuildFile; fileRef = C1ADCB272AF3E9BA006C79A8 /* MAGICAL_AcademyUITests.swift */; };
		C1ADCB2A2AF3E9BA006C79A8 /* MAGICAL_AcademyUITestsLaunchTests.swift in Sources */ = {isa = PBXBuildFile; fileRef = C1ADCB292AF3E9BA006C79A8 /* MAGICAL_AcademyUITestsLaunchTests.swift */; };
		C1C314672B051C180003DF94 /* StartView.swift in Sources */ = {isa = PBXBuildFile; fileRef = C1C314662B051C180003DF94 /* StartView.swift */; };
		C1C314692B0678390003DF94 /* MagicalAcademyAPI.swift in Sources */ = {isa = PBXBuildFile; fileRef = C1C314682B0678390003DF94 /* MagicalAcademyAPI.swift */; };
		C1C3146B2B067C850003DF94 /* ExcerciseView.swift in Sources */ = {isa = PBXBuildFile; fileRef = C1C3146A2B067C850003DF94 /* ExcerciseView.swift */; };
		C1C3146D2B0695E60003DF94 /* ExerciseCardView.swift in Sources */ = {isa = PBXBuildFile; fileRef = C1C3146C2B0695E60003DF94 /* ExerciseCardView.swift */; };
		C1C3146F2B0699A40003DF94 /* StoryCardView.swift in Sources */ = {isa = PBXBuildFile; fileRef = C1C3146E2B0699A40003DF94 /* StoryCardView.swift */; };
		C1C314712B06A06F0003DF94 /* ExerciseViewModel.swift in Sources */ = {isa = PBXBuildFile; fileRef = C1C314702B06A06F0003DF94 /* ExerciseViewModel.swift */; };
		C1C314732B07E6880003DF94 /* TextToSpeechManager.swift in Sources */ = {isa = PBXBuildFile; fileRef = C1C314722B07E6880003DF94 /* TextToSpeechManager.swift */; };
		C1E0F0622AFD28810017C565 /* MAGICAL_Academy.xcdatamodeld in Sources */ = {isa = PBXBuildFile; fileRef = C1E0F0602AFD28810017C565 /* MAGICAL_Academy.xcdatamodeld */; };
		C1FFD38B2AF87ED00020C3AB /* OpenAIKit in Frameworks */ = {isa = PBXBuildFile; productRef = C1FFD38A2AF87ED00020C3AB /* OpenAIKit */; };
		C1FFD3922AF88A8A0020C3AB /* Security.framework in Frameworks */ = {isa = PBXBuildFile; fileRef = C1FFD3912AF88A8A0020C3AB /* Security.framework */; };
/* End PBXBuildFile section */

/* Begin PBXContainerItemProxy section */
		C1ADCB1A2AF3E9BA006C79A8 /* PBXContainerItemProxy */ = {
			isa = PBXContainerItemProxy;
			containerPortal = C1ADCAFA2AF3E9B8006C79A8 /* Project object */;
			proxyType = 1;
			remoteGlobalIDString = C1ADCB012AF3E9B8006C79A8;
			remoteInfo = "MAGICAL Academy";
		};
		C1ADCB242AF3E9BA006C79A8 /* PBXContainerItemProxy */ = {
			isa = PBXContainerItemProxy;
			containerPortal = C1ADCAFA2AF3E9B8006C79A8 /* Project object */;
			proxyType = 1;
			remoteGlobalIDString = C1ADCB012AF3E9B8006C79A8;
			remoteInfo = "MAGICAL Academy";
		};
/* End PBXContainerItemProxy section */

/* Begin PBXFileReference section */
		C11F55482AFD37B000CEFA55 /* AssistantGenerator.swift */ = {isa = PBXFileReference; lastKnownFileType = sourcecode.swift; path = AssistantGenerator.swift; sourceTree = "<group>"; };
		C11F554C2AFE8DA200CEFA55 /* Logger.swift */ = {isa = PBXFileReference; lastKnownFileType = sourcecode.swift; path = Logger.swift; sourceTree = "<group>"; };
		C11F55512AFEA58A00CEFA55 /* MessageResponse.swift */ = {isa = PBXFileReference; lastKnownFileType = sourcecode.swift; path = MessageResponse.swift; sourceTree = "<group>"; };
		C11F55532AFF0D1000CEFA55 /* chatGPTService.swift */ = {isa = PBXFileReference; lastKnownFileType = sourcecode.swift; path = chatGPTService.swift; sourceTree = "<group>"; };
		C11F55552AFF173800CEFA55 /* Secrets.plist */ = {isa = PBXFileReference; lastKnownFileType = text.plist.xml; path = Secrets.plist; sourceTree = "<group>"; };
		C11F55572B00719E00CEFA55 /* AudioPlayerDelegate.swift */ = {isa = PBXFileReference; lastKnownFileType = sourcecode.swift; path = AudioPlayerDelegate.swift; sourceTree = "<group>"; };
		C12AE5182B12CF42005EED48 /* ExcerciseGenerator.swift */ = {isa = PBXFileReference; lastKnownFileType = sourcecode.swift; path = ExcerciseGenerator.swift; sourceTree = "<group>"; };
		C12AE51A2B15870E005EED48 /* MagicalAcademyAPITests.swift */ = {isa = PBXFileReference; lastKnownFileType = sourcecode.swift; path = MagicalAcademyAPITests.swift; sourceTree = "<group>"; };
		C12AE51D2B158882005EED48 /* MAGICAL Academy.xctestplan */ = {isa = PBXFileReference; lastKnownFileType = text; path = "MAGICAL Academy.xctestplan"; sourceTree = "<group>"; };
		C12AE51E2B159560005EED48 /* generateExerciseContent.swift */ = {isa = PBXFileReference; lastKnownFileType = sourcecode.swift; path = generateExerciseContent.swift; sourceTree = "<group>"; };
		C13C6C122AF87899003C9DF4 /* KeychainManager.swift */ = {isa = PBXFileReference; lastKnownFileType = sourcecode.swift; path = KeychainManager.swift; sourceTree = "<group>"; };
		C19B58972AFB1FC400FFF0FA /* ScrollableGridView.swift */ = {isa = PBXFileReference; fileEncoding = 4; lastKnownFileType = sourcecode.swift; path = ScrollableGridView.swift; sourceTree = "<group>"; };
		C19B589A2AFB1FC400FFF0FA /* TextOverlayView.swift */ = {isa = PBXFileReference; fileEncoding = 4; lastKnownFileType = sourcecode.swift; path = TextOverlayView.swift; sourceTree = "<group>"; };
		C19B58A12AFB1FC400FFF0FA /* ScenarioSelectionView.swift */ = {isa = PBXFileReference; fileEncoding = 4; lastKnownFileType = sourcecode.swift; path = ScenarioSelectionView.swift; sourceTree = "<group>"; };
		C19B58A22AFB1FC400FFF0FA /* CharacterSelectionView.swift */ = {isa = PBXFileReference; fileEncoding = 4; lastKnownFileType = sourcecode.swift; path = CharacterSelectionView.swift; sourceTree = "<group>"; };
		C19B58A42AFB1FC400FFF0FA /* MainView.swift */ = {isa = PBXFileReference; fileEncoding = 4; lastKnownFileType = sourcecode.swift; path = MainView.swift; sourceTree = "<group>"; };
		C19B58A62AFB1FC400FFF0FA /* GenerateImageView.swift */ = {isa = PBXFileReference; fileEncoding = 4; lastKnownFileType = sourcecode.swift; path = GenerateImageView.swift; sourceTree = "<group>"; };
		C19B58BC2AFBD1F000FFF0FA /* StoryGenerationView.swift */ = {isa = PBXFileReference; lastKnownFileType = sourcecode.swift; path = StoryGenerationView.swift; sourceTree = "<group>"; };
		C1ADCB022AF3E9B8006C79A8 /* MAGICAL Academy.app */ = {isa = PBXFileReference; explicitFileType = wrapper.application; includeInIndex = 0; path = "MAGICAL Academy.app"; sourceTree = BUILT_PRODUCTS_DIR; };
		C1ADCB052AF3E9B8006C79A8 /* MAGICAL_AcademyApp.swift */ = {isa = PBXFileReference; lastKnownFileType = sourcecode.swift; path = MAGICAL_AcademyApp.swift; sourceTree = "<group>"; };
		C1ADCB072AF3E9B8006C79A8 /* Persistence.swift */ = {isa = PBXFileReference; lastKnownFileType = sourcecode.swift; path = Persistence.swift; sourceTree = "<group>"; };
		C1ADCB0A2AF3E9B8006C79A8 /* MAGICAL_Academy.xcdatamodel */ = {isa = PBXFileReference; lastKnownFileType = wrapper.xcdatamodel; path = MAGICAL_Academy.xcdatamodel; sourceTree = "<group>"; };
		C1ADCB0E2AF3E9BA006C79A8 /* Assets.xcassets */ = {isa = PBXFileReference; lastKnownFileType = folder.assetcatalog; path = Assets.xcassets; sourceTree = "<group>"; };
		C1ADCB102AF3E9BA006C79A8 /* MAGICAL Academy.entitlements */ = {isa = PBXFileReference; lastKnownFileType = text.plist.entitlements; path = "MAGICAL Academy.entitlements"; sourceTree = "<group>"; };
		C1ADCB122AF3E9BA006C79A8 /* Preview Assets.xcassets */ = {isa = PBXFileReference; lastKnownFileType = folder.assetcatalog; path = "Preview Assets.xcassets"; sourceTree = "<group>"; };
		C1ADCB142AF3E9BA006C79A8 /* Info.plist */ = {isa = PBXFileReference; lastKnownFileType = text.plist.xml; path = Info.plist; sourceTree = "<group>"; };
		C1ADCB192AF3E9BA006C79A8 /* MAGICAL AcademyTests.xctest */ = {isa = PBXFileReference; explicitFileType = wrapper.cfbundle; includeInIndex = 0; path = "MAGICAL AcademyTests.xctest"; sourceTree = BUILT_PRODUCTS_DIR; };
		C1ADCB232AF3E9BA006C79A8 /* MAGICAL AcademyUITests.xctest */ = {isa = PBXFileReference; explicitFileType = wrapper.cfbundle; includeInIndex = 0; path = "MAGICAL AcademyUITests.xctest"; sourceTree = BUILT_PRODUCTS_DIR; };
		C1ADCB272AF3E9BA006C79A8 /* MAGICAL_AcademyUITests.swift */ = {isa = PBXFileReference; lastKnownFileType = sourcecode.swift; path = MAGICAL_AcademyUITests.swift; sourceTree = "<group>"; };
		C1ADCB292AF3E9BA006C79A8 /* MAGICAL_AcademyUITestsLaunchTests.swift */ = {isa = PBXFileReference; lastKnownFileType = sourcecode.swift; path = MAGICAL_AcademyUITestsLaunchTests.swift; sourceTree = "<group>"; };
		C1C314662B051C180003DF94 /* StartView.swift */ = {isa = PBXFileReference; lastKnownFileType = sourcecode.swift; path = StartView.swift; sourceTree = "<group>"; };
		C1C314682B0678390003DF94 /* MagicalAcademyAPI.swift */ = {isa = PBXFileReference; lastKnownFileType = sourcecode.swift; path = MagicalAcademyAPI.swift; sourceTree = "<group>"; };
		C1C3146A2B067C850003DF94 /* ExcerciseView.swift */ = {isa = PBXFileReference; lastKnownFileType = sourcecode.swift; path = ExcerciseView.swift; sourceTree = "<group>"; };
		C1C3146C2B0695E60003DF94 /* ExerciseCardView.swift */ = {isa = PBXFileReference; lastKnownFileType = sourcecode.swift; path = ExerciseCardView.swift; sourceTree = "<group>"; };
		C1C3146E2B0699A40003DF94 /* StoryCardView.swift */ = {isa = PBXFileReference; lastKnownFileType = sourcecode.swift; path = StoryCardView.swift; sourceTree = "<group>"; };
		C1C314702B06A06F0003DF94 /* ExerciseViewModel.swift */ = {isa = PBXFileReference; lastKnownFileType = sourcecode.swift; path = ExerciseViewModel.swift; sourceTree = "<group>"; };
		C1C314722B07E6880003DF94 /* TextToSpeechManager.swift */ = {isa = PBXFileReference; lastKnownFileType = sourcecode.swift; path = TextToSpeechManager.swift; sourceTree = "<group>"; };
		C1E0F0612AFD28810017C565 /* Model.xcdatamodel */ = {isa = PBXFileReference; lastKnownFileType = wrapper.xcdatamodel; path = Model.xcdatamodel; sourceTree = "<group>"; };
		C1FFD3912AF88A8A0020C3AB /* Security.framework */ = {isa = PBXFileReference; lastKnownFileType = wrapper.framework; name = Security.framework; path = Platforms/iPhoneOS.platform/Developer/SDKs/iPhoneOS17.0.sdk/System/Library/Frameworks/Security.framework; sourceTree = DEVELOPER_DIR; };
/* End PBXFileReference section */

/* Begin PBXFrameworksBuildPhase section */
		C1ADCAFF2AF3E9B8006C79A8 /* Frameworks */ = {
			isa = PBXFrameworksBuildPhase;
			buildActionMask = 2147483647;
			files = (
				C1FFD3922AF88A8A0020C3AB /* Security.framework in Frameworks */,
				C1FFD38B2AF87ED00020C3AB /* OpenAIKit in Frameworks */,
			);
			runOnlyForDeploymentPostprocessing = 0;
		};
		C1ADCB162AF3E9BA006C79A8 /* Frameworks */ = {
			isa = PBXFrameworksBuildPhase;
			buildActionMask = 2147483647;
			files = (
			);
			runOnlyForDeploymentPostprocessing = 0;
		};
		C1ADCB202AF3E9BA006C79A8 /* Frameworks */ = {
			isa = PBXFrameworksBuildPhase;
			buildActionMask = 2147483647;
			files = (
			);
			runOnlyForDeploymentPostprocessing = 0;
		};
/* End PBXFrameworksBuildPhase section */

/* Begin PBXGroup section */
		C11F55502AFE996600CEFA55 /* models */ = {
			isa = PBXGroup;
			children = (
				C11F55512AFEA58A00CEFA55 /* MessageResponse.swift */,
			);
			path = models;
			sourceTree = "<group>";
		};
		C19B58952AFB1FC400FFF0FA /* Views */ = {
			isa = PBXGroup;
			children = (
				C19B58972AFB1FC400FFF0FA /* ScrollableGridView.swift */,
				C19B589A2AFB1FC400FFF0FA /* TextOverlayView.swift */,
				C19B58A12AFB1FC400FFF0FA /* ScenarioSelectionView.swift */,
				C19B58A22AFB1FC400FFF0FA /* CharacterSelectionView.swift */,
				C19B58A42AFB1FC400FFF0FA /* MainView.swift */,
				C19B58A62AFB1FC400FFF0FA /* GenerateImageView.swift */,
				C19B58BC2AFBD1F000FFF0FA /* StoryGenerationView.swift */,
				C11F55572B00719E00CEFA55 /* AudioPlayerDelegate.swift */,
				C1C314662B051C180003DF94 /* StartView.swift */,
				C1C3146A2B067C850003DF94 /* ExcerciseView.swift */,
				C1C3146C2B0695E60003DF94 /* ExerciseCardView.swift */,
				C1C3146E2B0699A40003DF94 /* StoryCardView.swift */,
				C1C314702B06A06F0003DF94 /* ExerciseViewModel.swift */,
			);
			path = Views;
			sourceTree = "<group>";
		};
		C19B58A82AFB1FC400FFF0FA /* generators */ = {
			isa = PBXGroup;
			children = (
				C11F55482AFD37B000CEFA55 /* AssistantGenerator.swift */,
				C11F55532AFF0D1000CEFA55 /* chatGPTService.swift */,
				C1C314682B0678390003DF94 /* MagicalAcademyAPI.swift */,
				C1C314722B07E6880003DF94 /* TextToSpeechManager.swift */,
				C12AE5182B12CF42005EED48 /* ExcerciseGenerator.swift */,
			);
			path = generators;
			sourceTree = "<group>";
		};
		C1ADCAF92AF3E9B8006C79A8 = {
			isa = PBXGroup;
			children = (
				C12AE51D2B158882005EED48 /* MAGICAL Academy.xctestplan */,
				C11F55552AFF173800CEFA55 /* Secrets.plist */,
				C1ADCB042AF3E9B8006C79A8 /* MAGICAL Academy */,
				C1ADCB1C2AF3E9BA006C79A8 /* MAGICAL AcademyTests */,
				C1ADCB262AF3E9BA006C79A8 /* MAGICAL AcademyUITests */,
				C1ADCB032AF3E9B8006C79A8 /* Products */,
				C1FFD38E2AF884700020C3AB /* Frameworks */,
			);
			sourceTree = "<group>";
		};
		C1ADCB032AF3E9B8006C79A8 /* Products */ = {
			isa = PBXGroup;
			children = (
				C1ADCB022AF3E9B8006C79A8 /* MAGICAL Academy.app */,
				C1ADCB192AF3E9BA006C79A8 /* MAGICAL AcademyTests.xctest */,
				C1ADCB232AF3E9BA006C79A8 /* MAGICAL AcademyUITests.xctest */,
			);
			name = Products;
			sourceTree = "<group>";
		};
		C1ADCB042AF3E9B8006C79A8 /* MAGICAL Academy */ = {
			isa = PBXGroup;
			children = (
				C19B58A82AFB1FC400FFF0FA /* generators */,
				C19B58952AFB1FC400FFF0FA /* Views */,
				C1ADCB052AF3E9B8006C79A8 /* MAGICAL_AcademyApp.swift */,
				C1ADCB072AF3E9B8006C79A8 /* Persistence.swift */,
				C1E0F0602AFD28810017C565 /* MAGICAL_Academy.xcdatamodeld */,
				C1ADCB0E2AF3E9BA006C79A8 /* Assets.xcassets */,
				C1ADCB102AF3E9BA006C79A8 /* MAGICAL Academy.entitlements */,
				C1ADCB142AF3E9BA006C79A8 /* Info.plist */,
				C1ADCB092AF3E9B8006C79A8 /* MAGICAL Academy.xcdatamodeld */,
				C1ADCB112AF3E9BA006C79A8 /* Preview Content */,
				C13C6C122AF87899003C9DF4 /* KeychainManager.swift */,
				C11F554C2AFE8DA200CEFA55 /* Logger.swift */,
				C11F55502AFE996600CEFA55 /* models */,
			);
			path = "MAGICAL Academy";
			sourceTree = "<group>";
		};
		C1ADCB112AF3E9BA006C79A8 /* Preview Content */ = {
			isa = PBXGroup;
			children = (
				C1ADCB122AF3E9BA006C79A8 /* Preview Assets.xcassets */,
			);
			path = "Preview Content";
			sourceTree = "<group>";
		};
		C1ADCB1C2AF3E9BA006C79A8 /* MAGICAL AcademyTests */ = {
			isa = PBXGroup;
			children = (
				C12AE51A2B15870E005EED48 /* MagicalAcademyAPITests.swift */,
				C12AE51E2B159560005EED48 /* generateExerciseContent.swift */,
			);
			path = "MAGICAL AcademyTests";
			sourceTree = "<group>";
		};
		C1ADCB262AF3E9BA006C79A8 /* MAGICAL AcademyUITests */ = {
			isa = PBXGroup;
			children = (
				C1ADCB272AF3E9BA006C79A8 /* MAGICAL_AcademyUITests.swift */,
				C1ADCB292AF3E9BA006C79A8 /* MAGICAL_AcademyUITestsLaunchTests.swift */,
			);
			path = "MAGICAL AcademyUITests";
			sourceTree = "<group>";
		};
		C1FFD38E2AF884700020C3AB /* Frameworks */ = {
			isa = PBXGroup;
			children = (
				C1FFD3912AF88A8A0020C3AB /* Security.framework */,
			);
			name = Frameworks;
			sourceTree = "<group>";
		};
/* End PBXGroup section */

/* Begin PBXNativeTarget section */
		C1ADCB012AF3E9B8006C79A8 /* MAGICAL Academy */ = {
			isa = PBXNativeTarget;
			buildConfigurationList = C1ADCB2D2AF3E9BA006C79A8 /* Build configuration list for PBXNativeTarget "MAGICAL Academy" */;
			buildPhases = (
				C1ADCAFE2AF3E9B8006C79A8 /* Sources */,
				C1ADCAFF2AF3E9B8006C79A8 /* Frameworks */,
				C1ADCB002AF3E9B8006C79A8 /* Resources */,
			);
			buildRules = (
			);
			dependencies = (
			);
			name = "MAGICAL Academy";
			packageProductDependencies = (
				C1FFD38A2AF87ED00020C3AB /* OpenAIKit */,
			);
			productName = "MAGICAL Academy";
			productReference = C1ADCB022AF3E9B8006C79A8 /* MAGICAL Academy.app */;
			productType = "com.apple.product-type.application";
		};
		C1ADCB182AF3E9BA006C79A8 /* MAGICAL AcademyTests */ = {
			isa = PBXNativeTarget;
			buildConfigurationList = C1ADCB302AF3E9BA006C79A8 /* Build configuration list for PBXNativeTarget "MAGICAL AcademyTests" */;
			buildPhases = (
				C1ADCB152AF3E9BA006C79A8 /* Sources */,
				C1ADCB162AF3E9BA006C79A8 /* Frameworks */,
				C1ADCB172AF3E9BA006C79A8 /* Resources */,
			);
			buildRules = (
			);
			dependencies = (
				C1ADCB1B2AF3E9BA006C79A8 /* PBXTargetDependency */,
			);
			name = "MAGICAL AcademyTests";
			productName = "MAGICAL AcademyTests";
			productReference = C1ADCB192AF3E9BA006C79A8 /* MAGICAL AcademyTests.xctest */;
			productType = "com.apple.product-type.bundle.unit-test";
		};
		C1ADCB222AF3E9BA006C79A8 /* MAGICAL AcademyUITests */ = {
			isa = PBXNativeTarget;
			buildConfigurationList = C1ADCB332AF3E9BA006C79A8 /* Build configuration list for PBXNativeTarget "MAGICAL AcademyUITests" */;
			buildPhases = (
				C1ADCB1F2AF3E9BA006C79A8 /* Sources */,
				C1ADCB202AF3E9BA006C79A8 /* Frameworks */,
				C1ADCB212AF3E9BA006C79A8 /* Resources */,
			);
			buildRules = (
			);
			dependencies = (
				C1ADCB252AF3E9BA006C79A8 /* PBXTargetDependency */,
			);
			name = "MAGICAL AcademyUITests";
			productName = "MAGICAL AcademyUITests";
			productReference = C1ADCB232AF3E9BA006C79A8 /* MAGICAL AcademyUITests.xctest */;
			productType = "com.apple.product-type.bundle.ui-testing";
		};
/* End PBXNativeTarget section */

/* Begin PBXProject section */
		C1ADCAFA2AF3E9B8006C79A8 /* Project object */ = {
			isa = PBXProject;
			attributes = {
				BuildIndependentTargetsInParallel = 1;
				LastSwiftUpdateCheck = 1500;
				LastUpgradeCheck = 1500;
				TargetAttributes = {
					C1ADCB012AF3E9B8006C79A8 = {
						CreatedOnToolsVersion = 15.0.1;
					};
					C1ADCB182AF3E9BA006C79A8 = {
						CreatedOnToolsVersion = 15.0.1;
						TestTargetID = C1ADCB012AF3E9B8006C79A8;
					};
					C1ADCB222AF3E9BA006C79A8 = {
						CreatedOnToolsVersion = 15.0.1;
						TestTargetID = C1ADCB012AF3E9B8006C79A8;
					};
				};
			};
			buildConfigurationList = C1ADCAFD2AF3E9B8006C79A8 /* Build configuration list for PBXProject "MAGICAL Academy" */;
			compatibilityVersion = "Xcode 14.0";
			developmentRegion = en;
			hasScannedForEncodings = 0;
			knownRegions = (
				en,
				Base,
			);
			mainGroup = C1ADCAF92AF3E9B8006C79A8;
			packageReferences = (
				C1FFD3892AF87ED00020C3AB /* XCRemoteSwiftPackageReference "OpenAI" */,
			);
			productRefGroup = C1ADCB032AF3E9B8006C79A8 /* Products */;
			projectDirPath = "";
			projectRoot = "";
			targets = (
				C1ADCB012AF3E9B8006C79A8 /* MAGICAL Academy */,
				C1ADCB182AF3E9BA006C79A8 /* MAGICAL AcademyTests */,
				C1ADCB222AF3E9BA006C79A8 /* MAGICAL AcademyUITests */,
			);
		};
/* End PBXProject section */

/* Begin PBXResourcesBuildPhase section */
		C1ADCB002AF3E9B8006C79A8 /* Resources */ = {
			isa = PBXResourcesBuildPhase;
			buildActionMask = 2147483647;
			files = (
				C11F55562AFF173800CEFA55 /* Secrets.plist in Resources */,
				C1ADCB132AF3E9BA006C79A8 /* Preview Assets.xcassets in Resources */,
				C1ADCB0F2AF3E9BA006C79A8 /* Assets.xcassets in Resources */,
			);
			runOnlyForDeploymentPostprocessing = 0;
		};
		C1ADCB172AF3E9BA006C79A8 /* Resources */ = {
			isa = PBXResourcesBuildPhase;
			buildActionMask = 2147483647;
			files = (
			);
			runOnlyForDeploymentPostprocessing = 0;
		};
		C1ADCB212AF3E9BA006C79A8 /* Resources */ = {
			isa = PBXResourcesBuildPhase;
			buildActionMask = 2147483647;
			files = (
			);
			runOnlyForDeploymentPostprocessing = 0;
		};
/* End PBXResourcesBuildPhase section */

/* Begin PBXSourcesBuildPhase section */
		C1ADCAFE2AF3E9B8006C79A8 /* Sources */ = {
			isa = PBXSourcesBuildPhase;
			buildActionMask = 2147483647;
			files = (
				C11F55522AFEA58A00CEFA55 /* MessageResponse.swift in Sources */,
				C1C314672B051C180003DF94 /* StartView.swift in Sources */,
				C1C314692B0678390003DF94 /* MagicalAcademyAPI.swift in Sources */,
				C1ADCB062AF3E9B8006C79A8 /* MAGICAL_AcademyApp.swift in Sources */,
				C1C314732B07E6880003DF94 /* TextToSpeechManager.swift in Sources */,
				C11F55582B00719E00CEFA55 /* AudioPlayerDelegate.swift in Sources */,
				C13C6C132AF87899003C9DF4 /* KeychainManager.swift in Sources */,
				C1C314712B06A06F0003DF94 /* ExerciseViewModel.swift in Sources */,
				C1E0F0622AFD28810017C565 /* MAGICAL_Academy.xcdatamodeld in Sources */,
				C11F55542AFF0D1000CEFA55 /* chatGPTService.swift in Sources */,
				C1C3146F2B0699A40003DF94 /* StoryCardView.swift in Sources */,
				C1ADCB082AF3E9B8006C79A8 /* Persistence.swift in Sources */,
				C11F55492AFD37B000CEFA55 /* AssistantGenerator.swift in Sources */,
				C19B58B42AFB1FC400FFF0FA /* CharacterSelectionView.swift in Sources */,
				C19B58AC2AFB1FC400FFF0FA /* ScrollableGridView.swift in Sources */,
				C19B58BD2AFBD1F000FFF0FA /* StoryGenerationView.swift in Sources */,
				C12AE5192B12CF42005EED48 /* ExcerciseGenerator.swift in Sources */,
				C19B58AF2AFB1FC400FFF0FA /* TextOverlayView.swift in Sources */,
				C19B58B62AFB1FC400FFF0FA /* MainView.swift in Sources */,
				C19B58B32AFB1FC400FFF0FA /* ScenarioSelectionView.swift in Sources */,
				C11F554D2AFE8DA200CEFA55 /* Logger.swift in Sources */,
				C1C3146B2B067C850003DF94 /* ExcerciseView.swift in Sources */,
				C19B58B82AFB1FC400FFF0FA /* GenerateImageView.swift in Sources */,
				C1ADCB0B2AF3E9B8006C79A8 /* MAGICAL Academy.xcdatamodeld in Sources */,
				C1C3146D2B0695E60003DF94 /* ExerciseCardView.swift in Sources */,
			);
			runOnlyForDeploymentPostprocessing = 0;
		};
		C1ADCB152AF3E9BA006C79A8 /* Sources */ = {
			isa = PBXSourcesBuildPhase;
			buildActionMask = 2147483647;
			files = (
				C12AE51C2B15870E005EED48 /* MagicalAcademyAPITests.swift in Sources */,
				C12AE51F2B159560005EED48 /* generateExerciseContent.swift in Sources */,
			);
			runOnlyForDeploymentPostprocessing = 0;
		};
		C1ADCB1F2AF3E9BA006C79A8 /* Sources */ = {
			isa = PBXSourcesBuildPhase;
			buildActionMask = 2147483647;
			files = (
				C1ADCB2A2AF3E9BA006C79A8 /* MAGICAL_AcademyUITestsLaunchTests.swift in Sources */,
				C1ADCB282AF3E9BA006C79A8 /* MAGICAL_AcademyUITests.swift in Sources */,
			);
			runOnlyForDeploymentPostprocessing = 0;
		};
/* End PBXSourcesBuildPhase section */

/* Begin PBXTargetDependency section */
		C1ADCB1B2AF3E9BA006C79A8 /* PBXTargetDependency */ = {
			isa = PBXTargetDependency;
			target = C1ADCB012AF3E9B8006C79A8 /* MAGICAL Academy */;
			targetProxy = C1ADCB1A2AF3E9BA006C79A8 /* PBXContainerItemProxy */;
		};
		C1ADCB252AF3E9BA006C79A8 /* PBXTargetDependency */ = {
			isa = PBXTargetDependency;
			target = C1ADCB012AF3E9B8006C79A8 /* MAGICAL Academy */;
			targetProxy = C1ADCB242AF3E9BA006C79A8 /* PBXContainerItemProxy */;
		};
/* End PBXTargetDependency section */

/* Begin XCBuildConfiguration section */
		C1ADCB2B2AF3E9BA006C79A8 /* Debug */ = {
			isa = XCBuildConfiguration;
			buildSettings = {
				ALWAYS_SEARCH_USER_PATHS = NO;
				ASSETCATALOG_COMPILER_GENERATE_SWIFT_ASSET_SYMBOL_EXTENSIONS = YES;
				CLANG_ANALYZER_NONNULL = YES;
				CLANG_ANALYZER_NUMBER_OBJECT_CONVERSION = YES_AGGRESSIVE;
				CLANG_CXX_LANGUAGE_STANDARD = "gnu++20";
				CLANG_ENABLE_MODULES = YES;
				CLANG_ENABLE_OBJC_ARC = YES;
				CLANG_ENABLE_OBJC_WEAK = YES;
				CLANG_WARN_BLOCK_CAPTURE_AUTORELEASING = YES;
				CLANG_WARN_BOOL_CONVERSION = YES;
				CLANG_WARN_COMMA = YES;
				CLANG_WARN_CONSTANT_CONVERSION = YES;
				CLANG_WARN_DEPRECATED_OBJC_IMPLEMENTATIONS = YES;
				CLANG_WARN_DIRECT_OBJC_ISA_USAGE = YES_ERROR;
				CLANG_WARN_DOCUMENTATION_COMMENTS = YES;
				CLANG_WARN_EMPTY_BODY = YES;
				CLANG_WARN_ENUM_CONVERSION = YES;
				CLANG_WARN_INFINITE_RECURSION = YES;
				CLANG_WARN_INT_CONVERSION = YES;
				CLANG_WARN_NON_LITERAL_NULL_CONVERSION = YES;
				CLANG_WARN_OBJC_IMPLICIT_RETAIN_SELF = YES;
				CLANG_WARN_OBJC_LITERAL_CONVERSION = YES;
				CLANG_WARN_OBJC_ROOT_CLASS = YES_ERROR;
				CLANG_WARN_QUOTED_INCLUDE_IN_FRAMEWORK_HEADER = YES;
				CLANG_WARN_RANGE_LOOP_ANALYSIS = YES;
				CLANG_WARN_STRICT_PROTOTYPES = YES;
				CLANG_WARN_SUSPICIOUS_MOVE = YES;
				CLANG_WARN_UNGUARDED_AVAILABILITY = YES_AGGRESSIVE;
				CLANG_WARN_UNREACHABLE_CODE = YES;
				CLANG_WARN__DUPLICATE_METHOD_MATCH = YES;
				COPY_PHASE_STRIP = NO;
				DEBUG_INFORMATION_FORMAT = dwarf;
				ENABLE_STRICT_OBJC_MSGSEND = YES;
				ENABLE_TESTABILITY = YES;
				ENABLE_USER_SCRIPT_SANDBOXING = YES;
				GCC_C_LANGUAGE_STANDARD = gnu17;
				GCC_DYNAMIC_NO_PIC = NO;
				GCC_NO_COMMON_BLOCKS = YES;
				GCC_OPTIMIZATION_LEVEL = 0;
				GCC_PREPROCESSOR_DEFINITIONS = (
					"DEBUG=1",
					"$(inherited)",
				);
				GCC_WARN_64_TO_32_BIT_CONVERSION = YES;
				GCC_WARN_ABOUT_RETURN_TYPE = YES_ERROR;
				GCC_WARN_UNDECLARED_SELECTOR = YES;
				GCC_WARN_UNINITIALIZED_AUTOS = YES_AGGRESSIVE;
				GCC_WARN_UNUSED_FUNCTION = YES;
				GCC_WARN_UNUSED_VARIABLE = YES;
				LOCALIZATION_PREFERS_STRING_CATALOGS = YES;
				MTL_ENABLE_DEBUG_INFO = INCLUDE_SOURCE;
				MTL_FAST_MATH = YES;
				ONLY_ACTIVE_ARCH = YES;
				SWIFT_ACTIVE_COMPILATION_CONDITIONS = "DEBUG $(inherited)";
				SWIFT_OPTIMIZATION_LEVEL = "-Onone";
			};
			name = Debug;
		};
		C1ADCB2C2AF3E9BA006C79A8 /* Release */ = {
			isa = XCBuildConfiguration;
			buildSettings = {
				ALWAYS_SEARCH_USER_PATHS = NO;
				ASSETCATALOG_COMPILER_GENERATE_SWIFT_ASSET_SYMBOL_EXTENSIONS = YES;
				CLANG_ANALYZER_NONNULL = YES;
				CLANG_ANALYZER_NUMBER_OBJECT_CONVERSION = YES_AGGRESSIVE;
				CLANG_CXX_LANGUAGE_STANDARD = "gnu++20";
				CLANG_ENABLE_MODULES = YES;
				CLANG_ENABLE_OBJC_ARC = YES;
				CLANG_ENABLE_OBJC_WEAK = YES;
				CLANG_WARN_BLOCK_CAPTURE_AUTORELEASING = YES;
				CLANG_WARN_BOOL_CONVERSION = YES;
				CLANG_WARN_COMMA = YES;
				CLANG_WARN_CONSTANT_CONVERSION = YES;
				CLANG_WARN_DEPRECATED_OBJC_IMPLEMENTATIONS = YES;
				CLANG_WARN_DIRECT_OBJC_ISA_USAGE = YES_ERROR;
				CLANG_WARN_DOCUMENTATION_COMMENTS = YES;
				CLANG_WARN_EMPTY_BODY = YES;
				CLANG_WARN_ENUM_CONVERSION = YES;
				CLANG_WARN_INFINITE_RECURSION = YES;
				CLANG_WARN_INT_CONVERSION = YES;
				CLANG_WARN_NON_LITERAL_NULL_CONVERSION = YES;
				CLANG_WARN_OBJC_IMPLICIT_RETAIN_SELF = YES;
				CLANG_WARN_OBJC_LITERAL_CONVERSION = YES;
				CLANG_WARN_OBJC_ROOT_CLASS = YES_ERROR;
				CLANG_WARN_QUOTED_INCLUDE_IN_FRAMEWORK_HEADER = YES;
				CLANG_WARN_RANGE_LOOP_ANALYSIS = YES;
				CLANG_WARN_STRICT_PROTOTYPES = YES;
				CLANG_WARN_SUSPICIOUS_MOVE = YES;
				CLANG_WARN_UNGUARDED_AVAILABILITY = YES_AGGRESSIVE;
				CLANG_WARN_UNREACHABLE_CODE = YES;
				CLANG_WARN__DUPLICATE_METHOD_MATCH = YES;
				COPY_PHASE_STRIP = NO;
				DEBUG_INFORMATION_FORMAT = "dwarf-with-dsym";
				ENABLE_NS_ASSERTIONS = NO;
				ENABLE_STRICT_OBJC_MSGSEND = YES;
				ENABLE_USER_SCRIPT_SANDBOXING = YES;
				GCC_C_LANGUAGE_STANDARD = gnu17;
				GCC_NO_COMMON_BLOCKS = YES;
				GCC_WARN_64_TO_32_BIT_CONVERSION = YES;
				GCC_WARN_ABOUT_RETURN_TYPE = YES_ERROR;
				GCC_WARN_UNDECLARED_SELECTOR = YES;
				GCC_WARN_UNINITIALIZED_AUTOS = YES_AGGRESSIVE;
				GCC_WARN_UNUSED_FUNCTION = YES;
				GCC_WARN_UNUSED_VARIABLE = YES;
				LOCALIZATION_PREFERS_STRING_CATALOGS = YES;
				MTL_ENABLE_DEBUG_INFO = NO;
				MTL_FAST_MATH = YES;
				SWIFT_COMPILATION_MODE = wholemodule;
			};
			name = Release;
		};
		C1ADCB2E2AF3E9BA006C79A8 /* Debug */ = {
			isa = XCBuildConfiguration;
			buildSettings = {
				ASSETCATALOG_COMPILER_APPICON_NAME = AppIcon;
				ASSETCATALOG_COMPILER_GLOBAL_ACCENT_COLOR_NAME = AccentColor;
				CODE_SIGN_ENTITLEMENTS = "MAGICAL Academy/MAGICAL_Academy.entitlements";
				"CODE_SIGN_IDENTITY[sdk=macosx*]" = "Apple Development";
				CODE_SIGN_STYLE = Automatic;
				CURRENT_PROJECT_VERSION = 1;
				DEVELOPMENT_ASSET_PATHS = "\"MAGICAL Academy/Preview Content\"";
				DEVELOPMENT_TEAM = 9CXLL5AG24;
				ENABLE_PREVIEWS = YES;
				GENERATE_INFOPLIST_FILE = YES;
				INFOPLIST_FILE = "MAGICAL Academy/Info.plist";
				INFOPLIST_KEY_CFBundleDisplayName = "MAGICAL Academy";
				INFOPLIST_KEY_LSApplicationCategoryType = "public.app-category.education";
				"INFOPLIST_KEY_UIApplicationSceneManifest_Generation[sdk=iphoneos*]" = YES;
				"INFOPLIST_KEY_UIApplicationSceneManifest_Generation[sdk=iphonesimulator*]" = YES;
				"INFOPLIST_KEY_UIApplicationSupportsIndirectInputEvents[sdk=iphoneos*]" = YES;
				"INFOPLIST_KEY_UIApplicationSupportsIndirectInputEvents[sdk=iphonesimulator*]" = YES;
				"INFOPLIST_KEY_UILaunchScreen_Generation[sdk=iphoneos*]" = YES;
				"INFOPLIST_KEY_UILaunchScreen_Generation[sdk=iphonesimulator*]" = YES;
				"INFOPLIST_KEY_UIStatusBarStyle[sdk=iphoneos*]" = UIStatusBarStyleDefault;
				"INFOPLIST_KEY_UIStatusBarStyle[sdk=iphonesimulator*]" = UIStatusBarStyleDefault;
				INFOPLIST_KEY_UISupportedInterfaceOrientations_iPad = "UIInterfaceOrientationPortrait UIInterfaceOrientationPortraitUpsideDown UIInterfaceOrientationLandscapeLeft UIInterfaceOrientationLandscapeRight";
				INFOPLIST_KEY_UISupportedInterfaceOrientations_iPhone = "UIInterfaceOrientationPortrait UIInterfaceOrientationLandscapeLeft UIInterfaceOrientationLandscapeRight";
				IPHONEOS_DEPLOYMENT_TARGET = 17.0;
				LD_RUNPATH_SEARCH_PATHS = "@executable_path/Frameworks";
				"LD_RUNPATH_SEARCH_PATHS[sdk=macosx*]" = "@executable_path/../Frameworks";
				MACOSX_DEPLOYMENT_TARGET = 14.0;
				MARKETING_VERSION = 1.0;
				PRODUCT_BUNDLE_IDENTIFIER = "arashparnia.MAGICAL-Academy";
				PRODUCT_NAME = "$(TARGET_NAME)";
				SDKROOT = auto;
				SUPPORTED_PLATFORMS = "iphoneos iphonesimulator";
				SUPPORTS_MACCATALYST = NO;
				SWIFT_EMIT_LOC_STRINGS = YES;
				SWIFT_VERSION = 5.0;
				TARGETED_DEVICE_FAMILY = 1;
			};
			name = Debug;
		};
		C1ADCB2F2AF3E9BA006C79A8 /* Release */ = {
			isa = XCBuildConfiguration;
			buildSettings = {
				ASSETCATALOG_COMPILER_APPICON_NAME = AppIcon;
				ASSETCATALOG_COMPILER_GLOBAL_ACCENT_COLOR_NAME = AccentColor;
				CODE_SIGN_ENTITLEMENTS = "MAGICAL Academy/MAGICAL_Academy.entitlements";
				"CODE_SIGN_IDENTITY[sdk=macosx*]" = "Apple Development";
				CODE_SIGN_STYLE = Automatic;
				CURRENT_PROJECT_VERSION = 1;
				DEVELOPMENT_ASSET_PATHS = "\"MAGICAL Academy/Preview Content\"";
				DEVELOPMENT_TEAM = 9CXLL5AG24;
				ENABLE_PREVIEWS = YES;
				GENERATE_INFOPLIST_FILE = YES;
				INFOPLIST_FILE = "MAGICAL Academy/Info.plist";
				INFOPLIST_KEY_CFBundleDisplayName = "MAGICAL Academy";
				INFOPLIST_KEY_LSApplicationCategoryType = "public.app-category.education";
				"INFOPLIST_KEY_UIApplicationSceneManifest_Generation[sdk=iphoneos*]" = YES;
				"INFOPLIST_KEY_UIApplicationSceneManifest_Generation[sdk=iphonesimulator*]" = YES;
				"INFOPLIST_KEY_UIApplicationSupportsIndirectInputEvents[sdk=iphoneos*]" = YES;
				"INFOPLIST_KEY_UIApplicationSupportsIndirectInputEvents[sdk=iphonesimulator*]" = YES;
				"INFOPLIST_KEY_UILaunchScreen_Generation[sdk=iphoneos*]" = YES;
				"INFOPLIST_KEY_UILaunchScreen_Generation[sdk=iphonesimulator*]" = YES;
				"INFOPLIST_KEY_UIStatusBarStyle[sdk=iphoneos*]" = UIStatusBarStyleDefault;
				"INFOPLIST_KEY_UIStatusBarStyle[sdk=iphonesimulator*]" = UIStatusBarStyleDefault;
				INFOPLIST_KEY_UISupportedInterfaceOrientations_iPad = "UIInterfaceOrientationPortrait UIInterfaceOrientationPortraitUpsideDown UIInterfaceOrientationLandscapeLeft UIInterfaceOrientationLandscapeRight";
				INFOPLIST_KEY_UISupportedInterfaceOrientations_iPhone = "UIInterfaceOrientationPortrait UIInterfaceOrientationLandscapeLeft UIInterfaceOrientationLandscapeRight";
				IPHONEOS_DEPLOYMENT_TARGET = 17.0;
				LD_RUNPATH_SEARCH_PATHS = "@executable_path/Frameworks";
				"LD_RUNPATH_SEARCH_PATHS[sdk=macosx*]" = "@executable_path/../Frameworks";
				MACOSX_DEPLOYMENT_TARGET = 14.0;
				MARKETING_VERSION = 1.0;
				PRODUCT_BUNDLE_IDENTIFIER = "arashparnia.MAGICAL-Academy";
				PRODUCT_NAME = "$(TARGET_NAME)";
				SDKROOT = auto;
				SUPPORTED_PLATFORMS = "iphoneos iphonesimulator";
				SUPPORTS_MACCATALYST = NO;
				SWIFT_EMIT_LOC_STRINGS = YES;
				SWIFT_VERSION = 5.0;
				TARGETED_DEVICE_FAMILY = 1;
			};
			name = Release;
		};
		C1ADCB312AF3E9BA006C79A8 /* Debug */ = {
			isa = XCBuildConfiguration;
			buildSettings = {
				ALWAYS_EMBED_SWIFT_STANDARD_LIBRARIES = YES;
				BUNDLE_LOADER = "$(TEST_HOST)";
				CODE_SIGN_STYLE = Automatic;
				CURRENT_PROJECT_VERSION = 1;
				DEVELOPMENT_TEAM = 9CXLL5AG24;
				GENERATE_INFOPLIST_FILE = YES;
				IPHONEOS_DEPLOYMENT_TARGET = 17.0;
				MACOSX_DEPLOYMENT_TARGET = 14.0;
				MARKETING_VERSION = 1.0;
				PRODUCT_BUNDLE_IDENTIFIER = "arashparnia.MAGICAL-AcademyTests";
				PRODUCT_NAME = "$(TARGET_NAME)";
				SDKROOT = auto;
				SUPPORTED_PLATFORMS = "iphoneos iphonesimulator macosx";
				SWIFT_EMIT_LOC_STRINGS = NO;
				SWIFT_VERSION = 5.0;
				TARGETED_DEVICE_FAMILY = "1,2";
				TEST_HOST = "$(BUILT_PRODUCTS_DIR)/MAGICAL Academy.app/$(BUNDLE_EXECUTABLE_FOLDER_PATH)/MAGICAL Academy";
			};
			name = Debug;
		};
		C1ADCB322AF3E9BA006C79A8 /* Release */ = {
			isa = XCBuildConfiguration;
			buildSettings = {
				ALWAYS_EMBED_SWIFT_STANDARD_LIBRARIES = YES;
				BUNDLE_LOADER = "$(TEST_HOST)";
				CODE_SIGN_STYLE = Automatic;
				CURRENT_PROJECT_VERSION = 1;
				DEVELOPMENT_TEAM = 9CXLL5AG24;
				GENERATE_INFOPLIST_FILE = YES;
				IPHONEOS_DEPLOYMENT_TARGET = 17.0;
				MACOSX_DEPLOYMENT_TARGET = 14.0;
				MARKETING_VERSION = 1.0;
				PRODUCT_BUNDLE_IDENTIFIER = "arashparnia.MAGICAL-AcademyTests";
				PRODUCT_NAME = "$(TARGET_NAME)";
				SDKROOT = auto;
				SUPPORTED_PLATFORMS = "iphoneos iphonesimulator macosx";
				SWIFT_EMIT_LOC_STRINGS = NO;
				SWIFT_VERSION = 5.0;
				TARGETED_DEVICE_FAMILY = "1,2";
				TEST_HOST = "$(BUILT_PRODUCTS_DIR)/MAGICAL Academy.app/$(BUNDLE_EXECUTABLE_FOLDER_PATH)/MAGICAL Academy";
			};
			name = Release;
		};
		C1ADCB342AF3E9BA006C79A8 /* Debug */ = {
			isa = XCBuildConfiguration;
			buildSettings = {
				ALWAYS_EMBED_SWIFT_STANDARD_LIBRARIES = YES;
				CODE_SIGN_STYLE = Automatic;
				CURRENT_PROJECT_VERSION = 1;
				DEVELOPMENT_TEAM = 9CXLL5AG24;
				GENERATE_INFOPLIST_FILE = YES;
				IPHONEOS_DEPLOYMENT_TARGET = 17.0;
				MACOSX_DEPLOYMENT_TARGET = 14.0;
				MARKETING_VERSION = 1.0;
				PRODUCT_BUNDLE_IDENTIFIER = "arashparnia.MAGICAL-AcademyUITests";
				PRODUCT_NAME = "$(TARGET_NAME)";
				SDKROOT = auto;
				SUPPORTED_PLATFORMS = "iphoneos iphonesimulator macosx";
				SWIFT_EMIT_LOC_STRINGS = NO;
				SWIFT_VERSION = 5.0;
				TARGETED_DEVICE_FAMILY = "1,2";
				TEST_TARGET_NAME = "MAGICAL Academy";
			};
			name = Debug;
		};
		C1ADCB352AF3E9BA006C79A8 /* Release */ = {
			isa = XCBuildConfiguration;
			buildSettings = {
				ALWAYS_EMBED_SWIFT_STANDARD_LIBRARIES = YES;
				CODE_SIGN_STYLE = Automatic;
				CURRENT_PROJECT_VERSION = 1;
				DEVELOPMENT_TEAM = 9CXLL5AG24;
				GENERATE_INFOPLIST_FILE = YES;
				IPHONEOS_DEPLOYMENT_TARGET = 17.0;
				MACOSX_DEPLOYMENT_TARGET = 14.0;
				MARKETING_VERSION = 1.0;
				PRODUCT_BUNDLE_IDENTIFIER = "arashparnia.MAGICAL-AcademyUITests";
				PRODUCT_NAME = "$(TARGET_NAME)";
				SDKROOT = auto;
				SUPPORTED_PLATFORMS = "iphoneos iphonesimulator macosx";
				SWIFT_EMIT_LOC_STRINGS = NO;
				SWIFT_VERSION = 5.0;
				TARGETED_DEVICE_FAMILY = "1,2";
				TEST_TARGET_NAME = "MAGICAL Academy";
			};
			name = Release;
		};
/* End XCBuildConfiguration section */

/* Begin XCConfigurationList section */
		C1ADCAFD2AF3E9B8006C79A8 /* Build configuration list for PBXProject "MAGICAL Academy" */ = {
			isa = XCConfigurationList;
			buildConfigurations = (
				C1ADCB2B2AF3E9BA006C79A8 /* Debug */,
				C1ADCB2C2AF3E9BA006C79A8 /* Release */,
			);
			defaultConfigurationIsVisible = 0;
			defaultConfigurationName = Release;
		};
		C1ADCB2D2AF3E9BA006C79A8 /* Build configuration list for PBXNativeTarget "MAGICAL Academy" */ = {
			isa = XCConfigurationList;
			buildConfigurations = (
				C1ADCB2E2AF3E9BA006C79A8 /* Debug */,
				C1ADCB2F2AF3E9BA006C79A8 /* Release */,
			);
			defaultConfigurationIsVisible = 0;
			defaultConfigurationName = Release;
		};
		C1ADCB302AF3E9BA006C79A8 /* Build configuration list for PBXNativeTarget "MAGICAL AcademyTests" */ = {
			isa = XCConfigurationList;
			buildConfigurations = (
				C1ADCB312AF3E9BA006C79A8 /* Debug */,
				C1ADCB322AF3E9BA006C79A8 /* Release */,
			);
			defaultConfigurationIsVisible = 0;
			defaultConfigurationName = Release;
		};
		C1ADCB332AF3E9BA006C79A8 /* Build configuration list for PBXNativeTarget "MAGICAL AcademyUITests" */ = {
			isa = XCConfigurationList;
			buildConfigurations = (
				C1ADCB342AF3E9BA006C79A8 /* Debug */,
				C1ADCB352AF3E9BA006C79A8 /* Release */,
			);
			defaultConfigurationIsVisible = 0;
			defaultConfigurationName = Release;
		};
/* End XCConfigurationList section */

/* Begin XCRemoteSwiftPackageReference section */
		C1FFD3892AF87ED00020C3AB /* XCRemoteSwiftPackageReference "OpenAI" */ = {
			isa = XCRemoteSwiftPackageReference;
			repositoryURL = "https://github.com/FuturraGroup/OpenAI.git";
			requirement = {
				kind = upToNextMajorVersion;
				minimumVersion = 1.6.0;
			};
		};
/* End XCRemoteSwiftPackageReference section */

/* Begin XCSwiftPackageProductDependency section */
		C1FFD38A2AF87ED00020C3AB /* OpenAIKit */ = {
			isa = XCSwiftPackageProductDependency;
			package = C1FFD3892AF87ED00020C3AB /* XCRemoteSwiftPackageReference "OpenAI" */;
			productName = OpenAIKit;
		};
/* End XCSwiftPackageProductDependency section */

/* Begin XCVersionGroup section */
		C1ADCB092AF3E9B8006C79A8 /* MAGICAL Academy.xcdatamodeld */ = {
			isa = XCVersionGroup;
			children = (
				C1ADCB0A2AF3E9B8006C79A8 /* MAGICAL_Academy.xcdatamodel */,
			);
			currentVersion = C1ADCB0A2AF3E9B8006C79A8 /* MAGICAL_Academy.xcdatamodel */;
			path = "MAGICAL Academy.xcdatamodeld";
			sourceTree = "<group>";
			versionGroupType = wrapper.xcdatamodel;
		};
		C1E0F0602AFD28810017C565 /* MAGICAL_Academy.xcdatamodeld */ = {
			isa = XCVersionGroup;
			children = (
				C1E0F0612AFD28810017C565 /* Model.xcdatamodel */,
			);
			currentVersion = C1E0F0612AFD28810017C565 /* Model.xcdatamodel */;
			path = MAGICAL_Academy.xcdatamodeld;
			sourceTree = "<group>";
			versionGroupType = wrapper.xcdatamodel;
		};
/* End XCVersionGroup section */
	};
	rootObject = C1ADCAFA2AF3E9B8006C79A8 /* Project object */;
}
